// !$*UTF8*$!
{
	archiveVersion = 1;
	classes = {
	};
	objectVersion = 46;
	objects = {

/* Begin PBXBuildFile section */
		677924AD1620CAE9006D2EB2 /* CKCalendarView.m in Sources */ = {isa = PBXBuildFile; fileRef = 677924A71620CAE9006D2EB2 /* CKCalendarView.m */; settings = {COMPILER_FLAGS = "-fobjc-arc"; }; };
		677924AE1620CAE9006D2EB2 /* left_arrow.png in Resources */ = {isa = PBXBuildFile; fileRef = 677924A91620CAE9006D2EB2 /* left_arrow.png */; };
		677924AF1620CAE9006D2EB2 /* left_arrow@2x.png in Resources */ = {isa = PBXBuildFile; fileRef = 677924AA1620CAE9006D2EB2 /* left_arrow@2x.png */; };
		677924B01620CAE9006D2EB2 /* right_arrow.png in Resources */ = {isa = PBXBuildFile; fileRef = 677924AB1620CAE9006D2EB2 /* right_arrow.png */; };
		677924B11620CAE9006D2EB2 /* right_arrow@2x.png in Resources */ = {isa = PBXBuildFile; fileRef = 677924AC1620CAE9006D2EB2 /* right_arrow@2x.png */; };
		677924B41620CD4E006D2EB2 /* QuartzCore.framework in Frameworks */ = {isa = PBXBuildFile; fileRef = 677924B31620CD4E006D2EB2 /* QuartzCore.framework */; };
		677D2A6F1620D2F200B11F06 /* DateSelectionView.m in Sources */ = {isa = PBXBuildFile; fileRef = 677D2A6E1620D2F200B11F06 /* DateSelectionView.m */; };
		678E43EA161E557400D8915C /* first.png in Resources */ = {isa = PBXBuildFile; fileRef = 678E43E6161E557400D8915C /* first.png */; };
		678E43EB161E557400D8915C /* first@2x.png in Resources */ = {isa = PBXBuildFile; fileRef = 678E43E7161E557400D8915C /* first@2x.png */; };
		678E43EC161E557400D8915C /* second.png in Resources */ = {isa = PBXBuildFile; fileRef = 678E43E8161E557400D8915C /* second.png */; };
		678E43ED161E557400D8915C /* second@2x.png in Resources */ = {isa = PBXBuildFile; fileRef = 678E43E9161E557400D8915C /* second@2x.png */; };
		678E43FB161E55A500D8915C /* ExpensesViewController.m in Sources */ = {isa = PBXBuildFile; fileRef = 678E43F8161E55A500D8915C /* ExpensesViewController.m */; };
		678E43FC161E55A500D8915C /* SecondViewController.m in Sources */ = {isa = PBXBuildFile; fileRef = 678E43FA161E55A500D8915C /* SecondViewController.m */; };
		678E4400161E55DD00D8915C /* NewExpenseView.m in Sources */ = {isa = PBXBuildFile; fileRef = 678E43FF161E55DD00D8915C /* NewExpenseView.m */; };
		678E4402161E55F600D8915C /* NewExpenseView.xib in Resources */ = {isa = PBXBuildFile; fileRef = 678E4401161E55F600D8915C /* NewExpenseView.xib */; };
		678E4406161E59C200D8915C /* UIKitHelper.m in Sources */ = {isa = PBXBuildFile; fileRef = 678E4405161E59C200D8915C /* UIKitHelper.m */; };
		678E440A161E67FA00D8915C /* background.png in Resources */ = {isa = PBXBuildFile; fileRef = 678E4409161E67FA00D8915C /* background.png */; };
		6796B140161F6C4A00CD0F76 /* EasyMoneyData.xcdatamodeld in Sources */ = {isa = PBXBuildFile; fileRef = 6796B13E161F6C4A00CD0F76 /* EasyMoneyData.xcdatamodeld */; };
		6796B153161F73C200CD0F76 /* Category.m in Sources */ = {isa = PBXBuildFile; fileRef = 6796B152161F73C200CD0F76 /* Category.m */; };
		6796B156161F73C300CD0F76 /* Expense.m in Sources */ = {isa = PBXBuildFile; fileRef = 6796B155161F73C300CD0F76 /* Expense.m */; };
		6796B15D161F748A00CD0F76 /* Expense+Create.m in Sources */ = {isa = PBXBuildFile; fileRef = 6796B15C161F748A00CD0F76 /* Expense+Create.m */; };
		6796B160161F77F700CD0F76 /* ExpensesManager.m in Sources */ = {isa = PBXBuildFile; fileRef = 6796B15F161F77F700CD0F76 /* ExpensesManager.m */; };
		6796B163161F78CF00CD0F76 /* CoreData.framework in Frameworks */ = {isa = PBXBuildFile; fileRef = 6796B162161F78CF00CD0F76 /* CoreData.framework */; };
		67F124CF161E2E0900BD7167 /* UIKit.framework in Frameworks */ = {isa = PBXBuildFile; fileRef = 67F124CE161E2E0900BD7167 /* UIKit.framework */; };
		67F124D1161E2E0900BD7167 /* Foundation.framework in Frameworks */ = {isa = PBXBuildFile; fileRef = 67F124D0161E2E0900BD7167 /* Foundation.framework */; };
		67F124D3161E2E0900BD7167 /* CoreGraphics.framework in Frameworks */ = {isa = PBXBuildFile; fileRef = 67F124D2161E2E0900BD7167 /* CoreGraphics.framework */; };
		67F124D9161E2E0900BD7167 /* InfoPlist.strings in Resources */ = {isa = PBXBuildFile; fileRef = 67F124D7161E2E0900BD7167 /* InfoPlist.strings */; };
		67F124DB161E2E0900BD7167 /* main.m in Sources */ = {isa = PBXBuildFile; fileRef = 67F124DA161E2E0900BD7167 /* main.m */; };
		67F124DF161E2E0900BD7167 /* AppDelegate.m in Sources */ = {isa = PBXBuildFile; fileRef = 67F124DE161E2E0900BD7167 /* AppDelegate.m */; };
		67F124E1161E2E0900BD7167 /* Default.png in Resources */ = {isa = PBXBuildFile; fileRef = 67F124E0161E2E0900BD7167 /* Default.png */; };
		67F124E3161E2E0900BD7167 /* Default@2x.png in Resources */ = {isa = PBXBuildFile; fileRef = 67F124E2161E2E0900BD7167 /* Default@2x.png */; };
		67F124E5161E2E0900BD7167 /* Default-568h@2x.png in Resources */ = {isa = PBXBuildFile; fileRef = 67F124E4161E2E0900BD7167 /* Default-568h@2x.png */; };
		67F124E8161E2E0900BD7167 /* MainStoryboard_iPhone.storyboard in Resources */ = {isa = PBXBuildFile; fileRef = 67F124E6161E2E0900BD7167 /* MainStoryboard_iPhone.storyboard */; };
		67F124EB161E2E0900BD7167 /* MainStoryboard_iPad.storyboard in Resources */ = {isa = PBXBuildFile; fileRef = 67F124E9161E2E0900BD7167 /* MainStoryboard_iPad.storyboard */; };
/* End PBXBuildFile section */

/* Begin PBXFileReference section */
		677924A61620CAE9006D2EB2 /* CKCalendarView.h */ = {isa = PBXFileReference; fileEncoding = 4; lastKnownFileType = sourcecode.c.h; path = CKCalendarView.h; sourceTree = "<group>"; };
		677924A71620CAE9006D2EB2 /* CKCalendarView.m */ = {isa = PBXFileReference; fileEncoding = 4; lastKnownFileType = sourcecode.c.objc; path = CKCalendarView.m; sourceTree = "<group>"; };
		677924A91620CAE9006D2EB2 /* left_arrow.png */ = {isa = PBXFileReference; lastKnownFileType = image.png; path = left_arrow.png; sourceTree = "<group>"; };
		677924AA1620CAE9006D2EB2 /* left_arrow@2x.png */ = {isa = PBXFileReference; lastKnownFileType = image.png; path = "left_arrow@2x.png"; sourceTree = "<group>"; };
		677924AB1620CAE9006D2EB2 /* right_arrow.png */ = {isa = PBXFileReference; lastKnownFileType = image.png; path = right_arrow.png; sourceTree = "<group>"; };
		677924AC1620CAE9006D2EB2 /* right_arrow@2x.png */ = {isa = PBXFileReference; lastKnownFileType = image.png; path = "right_arrow@2x.png"; sourceTree = "<group>"; };
		677924B31620CD4E006D2EB2 /* QuartzCore.framework */ = {isa = PBXFileReference; lastKnownFileType = wrapper.framework; name = QuartzCore.framework; path = System/Library/Frameworks/QuartzCore.framework; sourceTree = SDKROOT; };
		677D2A6D1620D2F200B11F06 /* DateSelectionView.h */ = {isa = PBXFileReference; fileEncoding = 4; lastKnownFileType = sourcecode.c.h; name = DateSelectionView.h; path = Views/DateSelectionView.h; sourceTree = "<group>"; };
		677D2A6E1620D2F200B11F06 /* DateSelectionView.m */ = {isa = PBXFileReference; fileEncoding = 4; lastKnownFileType = sourcecode.c.objc; name = DateSelectionView.m; path = Views/DateSelectionView.m; sourceTree = "<group>"; };
		678E43E6161E557400D8915C /* first.png */ = {isa = PBXFileReference; lastKnownFileType = image.png; path = first.png; sourceTree = "<group>"; };
		678E43E7161E557400D8915C /* first@2x.png */ = {isa = PBXFileReference; lastKnownFileType = image.png; path = "first@2x.png"; sourceTree = "<group>"; };
		678E43E8161E557400D8915C /* second.png */ = {isa = PBXFileReference; lastKnownFileType = image.png; path = second.png; sourceTree = "<group>"; };
		678E43E9161E557400D8915C /* second@2x.png */ = {isa = PBXFileReference; lastKnownFileType = image.png; path = "second@2x.png"; sourceTree = "<group>"; };
		678E43F7161E55A500D8915C /* ExpensesViewController.h */ = {isa = PBXFileReference; fileEncoding = 4; lastKnownFileType = sourcecode.c.h; path = ExpensesViewController.h; sourceTree = "<group>"; };
		678E43F8161E55A500D8915C /* ExpensesViewController.m */ = {isa = PBXFileReference; fileEncoding = 4; lastKnownFileType = sourcecode.c.objc; path = ExpensesViewController.m; sourceTree = "<group>"; };
		678E43F9161E55A500D8915C /* SecondViewController.h */ = {isa = PBXFileReference; fileEncoding = 4; lastKnownFileType = sourcecode.c.h; path = SecondViewController.h; sourceTree = "<group>"; };
		678E43FA161E55A500D8915C /* SecondViewController.m */ = {isa = PBXFileReference; fileEncoding = 4; lastKnownFileType = sourcecode.c.objc; path = SecondViewController.m; sourceTree = "<group>"; };
		678E43FE161E55DD00D8915C /* NewExpenseView.h */ = {isa = PBXFileReference; fileEncoding = 4; lastKnownFileType = sourcecode.c.h; name = NewExpenseView.h; path = Views/NewExpenseView.h; sourceTree = "<group>"; };
		678E43FF161E55DD00D8915C /* NewExpenseView.m */ = {isa = PBXFileReference; fileEncoding = 4; lastKnownFileType = sourcecode.c.objc; name = NewExpenseView.m; path = Views/NewExpenseView.m; sourceTree = "<group>"; };
		678E4401161E55F600D8915C /* NewExpenseView.xib */ = {isa = PBXFileReference; fileEncoding = 4; lastKnownFileType = file.xib; name = NewExpenseView.xib; path = Views/NewExpenseView.xib; sourceTree = "<group>"; };
		678E4404161E59C200D8915C /* UIKitHelper.h */ = {isa = PBXFileReference; fileEncoding = 4; lastKnownFileType = sourcecode.c.h; path = UIKitHelper.h; sourceTree = "<group>"; };
		678E4405161E59C200D8915C /* UIKitHelper.m */ = {isa = PBXFileReference; fileEncoding = 4; lastKnownFileType = sourcecode.c.objc; path = UIKitHelper.m; sourceTree = "<group>"; };
		678E4407161E5C5C00D8915C /* NewExpenseViewDelegateProtocol.h */ = {isa = PBXFileReference; lastKnownFileType = sourcecode.c.h; name = NewExpenseViewDelegateProtocol.h; path = Protocols/NewExpenseViewDelegateProtocol.h; sourceTree = "<group>"; };
		678E4409161E67FA00D8915C /* background.png */ = {isa = PBXFileReference; lastKnownFileType = image.png; path = background.png; sourceTree = "<group>"; };
		6796B13F161F6C4A00CD0F76 /* EasyMoneyData.xcdatamodel */ = {isa = PBXFileReference; lastKnownFileType = wrapper.xcdatamodel; path = EasyMoneyData.xcdatamodel; sourceTree = "<group>"; };
		6796B151161F73C200CD0F76 /* Category.h */ = {isa = PBXFileReference; fileEncoding = 4; lastKnownFileType = sourcecode.c.h; name = Category.h; path = Entities/Category.h; sourceTree = "<group>"; };
		6796B152161F73C200CD0F76 /* Category.m */ = {isa = PBXFileReference; fileEncoding = 4; lastKnownFileType = sourcecode.c.objc; name = Category.m; path = Entities/Category.m; sourceTree = "<group>"; };
		6796B154161F73C300CD0F76 /* Expense.h */ = {isa = PBXFileReference; fileEncoding = 4; lastKnownFileType = sourcecode.c.h; name = Expense.h; path = Entities/Expense.h; sourceTree = "<group>"; };
		6796B155161F73C300CD0F76 /* Expense.m */ = {isa = PBXFileReference; fileEncoding = 4; lastKnownFileType = sourcecode.c.objc; name = Expense.m; path = Entities/Expense.m; sourceTree = "<group>"; };
		6796B15B161F748A00CD0F76 /* Expense+Create.h */ = {isa = PBXFileReference; fileEncoding = 4; lastKnownFileType = sourcecode.c.h; name = "Expense+Create.h"; path = "Categories/Expense+Create.h"; sourceTree = "<group>"; };
		6796B15C161F748A00CD0F76 /* Expense+Create.m */ = {isa = PBXFileReference; fileEncoding = 4; lastKnownFileType = sourcecode.c.objc; name = "Expense+Create.m"; path = "Categories/Expense+Create.m"; sourceTree = "<group>"; };
		6796B15E161F77F700CD0F76 /* ExpensesManager.h */ = {isa = PBXFileReference; fileEncoding = 4; lastKnownFileType = sourcecode.c.h; name = ExpensesManager.h; path = Model/ExpensesManager.h; sourceTree = "<group>"; };
		6796B15F161F77F700CD0F76 /* ExpensesManager.m */ = {isa = PBXFileReference; fileEncoding = 4; lastKnownFileType = sourcecode.c.objc; name = ExpensesManager.m; path = Model/ExpensesManager.m; sourceTree = "<group>"; };
		6796B162161F78CF00CD0F76 /* CoreData.framework */ = {isa = PBXFileReference; lastKnownFileType = wrapper.framework; name = CoreData.framework; path = System/Library/Frameworks/CoreData.framework; sourceTree = SDKROOT; };
		6796B164161F790E00CD0F76 /* SynthesizeSingleton.h */ = {isa = PBXFileReference; fileEncoding = 4; lastKnownFileType = sourcecode.c.h; path = SynthesizeSingleton.h; sourceTree = "<group>"; };
		67F124CA161E2E0900BD7167 /* EasyMoney.app */ = {isa = PBXFileReference; explicitFileType = wrapper.application; includeInIndex = 0; path = EasyMoney.app; sourceTree = BUILT_PRODUCTS_DIR; };
		67F124CE161E2E0900BD7167 /* UIKit.framework */ = {isa = PBXFileReference; lastKnownFileType = wrapper.framework; name = UIKit.framework; path = System/Library/Frameworks/UIKit.framework; sourceTree = SDKROOT; };
		67F124D0161E2E0900BD7167 /* Foundation.framework */ = {isa = PBXFileReference; lastKnownFileType = wrapper.framework; name = Foundation.framework; path = System/Library/Frameworks/Foundation.framework; sourceTree = SDKROOT; };
		67F124D2161E2E0900BD7167 /* CoreGraphics.framework */ = {isa = PBXFileReference; lastKnownFileType = wrapper.framework; name = CoreGraphics.framework; path = System/Library/Frameworks/CoreGraphics.framework; sourceTree = SDKROOT; };
		67F124D6161E2E0900BD7167 /* EasyMoney-Info.plist */ = {isa = PBXFileReference; lastKnownFileType = text.plist.xml; path = "EasyMoney-Info.plist"; sourceTree = "<group>"; };
		67F124D8161E2E0900BD7167 /* en */ = {isa = PBXFileReference; lastKnownFileType = text.plist.strings; name = en; path = en.lproj/InfoPlist.strings; sourceTree = "<group>"; };
		67F124DA161E2E0900BD7167 /* main.m */ = {isa = PBXFileReference; lastKnownFileType = sourcecode.c.objc; path = main.m; sourceTree = "<group>"; };
		67F124DC161E2E0900BD7167 /* EasyMoney-Prefix.pch */ = {isa = PBXFileReference; lastKnownFileType = sourcecode.c.h; path = "EasyMoney-Prefix.pch"; sourceTree = "<group>"; };
		67F124DD161E2E0900BD7167 /* AppDelegate.h */ = {isa = PBXFileReference; lastKnownFileType = sourcecode.c.h; path = AppDelegate.h; sourceTree = "<group>"; };
		67F124DE161E2E0900BD7167 /* AppDelegate.m */ = {isa = PBXFileReference; lastKnownFileType = sourcecode.c.objc; path = AppDelegate.m; sourceTree = "<group>"; };
		67F124E0161E2E0900BD7167 /* Default.png */ = {isa = PBXFileReference; lastKnownFileType = image.png; path = Default.png; sourceTree = "<group>"; };
		67F124E2161E2E0900BD7167 /* Default@2x.png */ = {isa = PBXFileReference; lastKnownFileType = image.png; path = "Default@2x.png"; sourceTree = "<group>"; };
		67F124E4161E2E0900BD7167 /* Default-568h@2x.png */ = {isa = PBXFileReference; lastKnownFileType = image.png; path = "Default-568h@2x.png"; sourceTree = "<group>"; };
		67F124E7161E2E0900BD7167 /* en */ = {isa = PBXFileReference; lastKnownFileType = file.storyboard; name = en; path = en.lproj/MainStoryboard_iPhone.storyboard; sourceTree = "<group>"; };
		67F124EA161E2E0900BD7167 /* en */ = {isa = PBXFileReference; lastKnownFileType = file.storyboard; name = en; path = en.lproj/MainStoryboard_iPad.storyboard; sourceTree = "<group>"; };
/* End PBXFileReference section */

/* Begin PBXFrameworksBuildPhase section */
		67F124C7161E2E0900BD7167 /* Frameworks */ = {
			isa = PBXFrameworksBuildPhase;
			buildActionMask = 2147483647;
			files = (
				677924B41620CD4E006D2EB2 /* QuartzCore.framework in Frameworks */,
				6796B163161F78CF00CD0F76 /* CoreData.framework in Frameworks */,
				67F124CF161E2E0900BD7167 /* UIKit.framework in Frameworks */,
				67F124D1161E2E0900BD7167 /* Foundation.framework in Frameworks */,
				67F124D3161E2E0900BD7167 /* CoreGraphics.framework in Frameworks */,
			);
			runOnlyForDeploymentPostprocessing = 0;
		};
/* End PBXFrameworksBuildPhase section */

/* Begin PBXGroup section */
		677924A41620CAE9006D2EB2 /* Libs */ = {
			isa = PBXGroup;
			children = (
				677924A51620CAE9006D2EB2 /* CKCalendar */,
			);
			path = Libs;
			sourceTree = "<group>";
		};
		677924A51620CAE9006D2EB2 /* CKCalendar */ = {
			isa = PBXGroup;
			children = (
				677924A61620CAE9006D2EB2 /* CKCalendarView.h */,
				677924A71620CAE9006D2EB2 /* CKCalendarView.m */,
				677924A81620CAE9006D2EB2 /* resources */,
			);
			path = CKCalendar;
			sourceTree = "<group>";
		};
		677924A81620CAE9006D2EB2 /* resources */ = {
			isa = PBXGroup;
			children = (
				677924A91620CAE9006D2EB2 /* left_arrow.png */,
				677924AA1620CAE9006D2EB2 /* left_arrow@2x.png */,
				677924AB1620CAE9006D2EB2 /* right_arrow.png */,
				677924AC1620CAE9006D2EB2 /* right_arrow@2x.png */,
			);
			path = resources;
			sourceTree = "<group>";
		};
		678E43E4161E557400D8915C /* Resources */ = {
			isa = PBXGroup;
			children = (
				678E43E5161E557400D8915C /* Assets */,
			);
			path = Resources;
			sourceTree = "<group>";
		};
		678E43E5161E557400D8915C /* Assets */ = {
			isa = PBXGroup;
			children = (
				678E4409161E67FA00D8915C /* background.png */,
				678E43E6161E557400D8915C /* first.png */,
				678E43E7161E557400D8915C /* first@2x.png */,
				678E43E8161E557400D8915C /* second.png */,
				678E43E9161E557400D8915C /* second@2x.png */,
			);
			path = Assets;
			sourceTree = "<group>";
		};
		678E43F5161E55A500D8915C /* Classes */ = {
			isa = PBXGroup;
			children = (
				6796B161161F77FB00CD0F76 /* Model */,
				6796B15A161F745A00CD0F76 /* Categories */,
				6796B149161F733300CD0F76 /* Entities */,
				678E4408161E5C6100D8915C /* Protocols */,
				678E4403161E59C200D8915C /* Helpers */,
				678E43FD161E55A900D8915C /* Views */,
				678E43F6161E55A500D8915C /* ViewControllers */,
			);
			path = Classes;
			sourceTree = "<group>";
		};
		678E43F6161E55A500D8915C /* ViewControllers */ = {
			isa = PBXGroup;
			children = (
				678E43F7161E55A500D8915C /* ExpensesViewController.h */,
				678E43F8161E55A500D8915C /* ExpensesViewController.m */,
				678E43F9161E55A500D8915C /* SecondViewController.h */,
				678E43FA161E55A500D8915C /* SecondViewController.m */,
			);
			path = ViewControllers;
			sourceTree = "<group>";
		};
		678E43FD161E55A900D8915C /* Views */ = {
			isa = PBXGroup;
			children = (
				677D2A6D1620D2F200B11F06 /* DateSelectionView.h */,
				677D2A6E1620D2F200B11F06 /* DateSelectionView.m */,
				678E4401161E55F600D8915C /* NewExpenseView.xib */,
				678E43FE161E55DD00D8915C /* NewExpenseView.h */,
				678E43FF161E55DD00D8915C /* NewExpenseView.m */,
			);
			name = Views;
			sourceTree = "<group>";
		};
		678E4403161E59C200D8915C /* Helpers */ = {
			isa = PBXGroup;
			children = (
				6796B164161F790E00CD0F76 /* SynthesizeSingleton.h */,
				678E4404161E59C200D8915C /* UIKitHelper.h */,
				678E4405161E59C200D8915C /* UIKitHelper.m */,
			);
			path = Helpers;
			sourceTree = "<group>";
		};
		678E4408161E5C6100D8915C /* Protocols */ = {
			isa = PBXGroup;
			children = (
				678E4407161E5C5C00D8915C /* NewExpenseViewDelegateProtocol.h */,
			);
			name = Protocols;
			sourceTree = "<group>";
		};
		6796B13C161F6C2900CD0F76 /* Data */ = {
			isa = PBXGroup;
			children = (
				6796B13E161F6C4A00CD0F76 /* EasyMoneyData.xcdatamodeld */,
			);
			name = Data;
			sourceTree = "<group>";
		};
		6796B149161F733300CD0F76 /* Entities */ = {
			isa = PBXGroup;
			children = (
				6796B154161F73C300CD0F76 /* Expense.h */,
				6796B155161F73C300CD0F76 /* Expense.m */,
				6796B151161F73C200CD0F76 /* Category.h */,
				6796B152161F73C200CD0F76 /* Category.m */,
			);
			name = Entities;
			sourceTree = "<group>";
		};
		6796B15A161F745A00CD0F76 /* Categories */ = {
			isa = PBXGroup;
			children = (
				6796B15B161F748A00CD0F76 /* Expense+Create.h */,
				6796B15C161F748A00CD0F76 /* Expense+Create.m */,
			);
			name = Categories;
			sourceTree = "<group>";
		};
		6796B161161F77FB00CD0F76 /* Model */ = {
			isa = PBXGroup;
			children = (
				6796B15E161F77F700CD0F76 /* ExpensesManager.h */,
				6796B15F161F77F700CD0F76 /* ExpensesManager.m */,
			);
			name = Model;
			sourceTree = "<group>";
		};
		67F124BF161E2E0900BD7167 = {
			isa = PBXGroup;
			children = (
				67F124D4161E2E0900BD7167 /* EasyMoney */,
				67F124CD161E2E0900BD7167 /* Frameworks */,
				67F124CB161E2E0900BD7167 /* Products */,
			);
			sourceTree = "<group>";
		};
		67F124CB161E2E0900BD7167 /* Products */ = {
			isa = PBXGroup;
			children = (
				67F124CA161E2E0900BD7167 /* EasyMoney.app */,
			);
			name = Products;
			sourceTree = "<group>";
		};
		67F124CD161E2E0900BD7167 /* Frameworks */ = {
			isa = PBXGroup;
			children = (
				677924B31620CD4E006D2EB2 /* QuartzCore.framework */,
				6796B162161F78CF00CD0F76 /* CoreData.framework */,
				67F124CE161E2E0900BD7167 /* UIKit.framework */,
				67F124D0161E2E0900BD7167 /* Foundation.framework */,
				67F124D2161E2E0900BD7167 /* CoreGraphics.framework */,
			);
			name = Frameworks;
			sourceTree = "<group>";
		};
		67F124D4161E2E0900BD7167 /* EasyMoney */ = {
			isa = PBXGroup;
			children = (
				677924A41620CAE9006D2EB2 /* Libs */,
				6796B13C161F6C2900CD0F76 /* Data */,
				678E43F5161E55A500D8915C /* Classes */,
				678E43E4161E557400D8915C /* Resources */,
				67F124DD161E2E0900BD7167 /* AppDelegate.h */,
				67F124DE161E2E0900BD7167 /* AppDelegate.m */,
				67F124E6161E2E0900BD7167 /* MainStoryboard_iPhone.storyboard */,
				67F124E9161E2E0900BD7167 /* MainStoryboard_iPad.storyboard */,
				67F124D5161E2E0900BD7167 /* Supporting Files */,
			);
			path = EasyMoney;
			sourceTree = "<group>";
		};
		67F124D5161E2E0900BD7167 /* Supporting Files */ = {
			isa = PBXGroup;
			children = (
				67F124D6161E2E0900BD7167 /* EasyMoney-Info.plist */,
				67F124D7161E2E0900BD7167 /* InfoPlist.strings */,
				67F124DA161E2E0900BD7167 /* main.m */,
				67F124DC161E2E0900BD7167 /* EasyMoney-Prefix.pch */,
				67F124E0161E2E0900BD7167 /* Default.png */,
				67F124E2161E2E0900BD7167 /* Default@2x.png */,
				67F124E4161E2E0900BD7167 /* Default-568h@2x.png */,
			);
			name = "Supporting Files";
			sourceTree = "<group>";
		};
/* End PBXGroup section */

/* Begin PBXNativeTarget section */
		67F124C9161E2E0900BD7167 /* EasyMoney */ = {
			isa = PBXNativeTarget;
			buildConfigurationList = 67F124FC161E2E0A00BD7167 /* Build configuration list for PBXNativeTarget "EasyMoney" */;
			buildPhases = (
				67F124C6161E2E0900BD7167 /* Sources */,
				67F124C7161E2E0900BD7167 /* Frameworks */,
				67F124C8161E2E0900BD7167 /* Resources */,
			);
			buildRules = (
			);
			dependencies = (
			);
			name = EasyMoney;
			productName = EasyMoney;
			productReference = 67F124CA161E2E0900BD7167 /* EasyMoney.app */;
			productType = "com.apple.product-type.application";
		};
/* End PBXNativeTarget section */

/* Begin PBXProject section */
		67F124C1161E2E0900BD7167 /* Project object */ = {
			isa = PBXProject;
			attributes = {
				LastUpgradeCheck = 0450;
				ORGANIZATIONNAME = betzerra;
			};
			buildConfigurationList = 67F124C4161E2E0900BD7167 /* Build configuration list for PBXProject "EasyMoney" */;
			compatibilityVersion = "Xcode 3.2";
			developmentRegion = English;
			hasScannedForEncodings = 0;
			knownRegions = (
				en,
			);
			mainGroup = 67F124BF161E2E0900BD7167;
			productRefGroup = 67F124CB161E2E0900BD7167 /* Products */;
			projectDirPath = "";
			projectRoot = "";
			targets = (
				67F124C9161E2E0900BD7167 /* EasyMoney */,
			);
		};
/* End PBXProject section */

/* Begin PBXResourcesBuildPhase section */
		67F124C8161E2E0900BD7167 /* Resources */ = {
			isa = PBXResourcesBuildPhase;
			buildActionMask = 2147483647;
			files = (
				67F124D9161E2E0900BD7167 /* InfoPlist.strings in Resources */,
				67F124E1161E2E0900BD7167 /* Default.png in Resources */,
				67F124E3161E2E0900BD7167 /* Default@2x.png in Resources */,
				67F124E5161E2E0900BD7167 /* Default-568h@2x.png in Resources */,
				67F124E8161E2E0900BD7167 /* MainStoryboard_iPhone.storyboard in Resources */,
				67F124EB161E2E0900BD7167 /* MainStoryboard_iPad.storyboard in Resources */,
				678E43EA161E557400D8915C /* first.png in Resources */,
				678E43EB161E557400D8915C /* first@2x.png in Resources */,
				678E43EC161E557400D8915C /* second.png in Resources */,
				678E43ED161E557400D8915C /* second@2x.png in Resources */,
				678E4402161E55F600D8915C /* NewExpenseView.xib in Resources */,
				678E440A161E67FA00D8915C /* background.png in Resources */,
				677924AE1620CAE9006D2EB2 /* left_arrow.png in Resources */,
				677924AF1620CAE9006D2EB2 /* left_arrow@2x.png in Resources */,
				677924B01620CAE9006D2EB2 /* right_arrow.png in Resources */,
				677924B11620CAE9006D2EB2 /* right_arrow@2x.png in Resources */,
			);
			runOnlyForDeploymentPostprocessing = 0;
		};
/* End PBXResourcesBuildPhase section */

/* Begin PBXSourcesBuildPhase section */
		67F124C6161E2E0900BD7167 /* Sources */ = {
			isa = PBXSourcesBuildPhase;
			buildActionMask = 2147483647;
			files = (
				67F124DB161E2E0900BD7167 /* main.m in Sources */,
				67F124DF161E2E0900BD7167 /* AppDelegate.m in Sources */,
				678E43FB161E55A500D8915C /* ExpensesViewController.m in Sources */,
				678E43FC161E55A500D8915C /* SecondViewController.m in Sources */,
				678E4400161E55DD00D8915C /* NewExpenseView.m in Sources */,
				678E4406161E59C200D8915C /* UIKitHelper.m in Sources */,
				6796B140161F6C4A00CD0F76 /* EasyMoneyData.xcdatamodeld in Sources */,
				6796B153161F73C200CD0F76 /* Category.m in Sources */,
				6796B156161F73C300CD0F76 /* Expense.m in Sources */,
				6796B15D161F748A00CD0F76 /* Expense+Create.m in Sources */,
				6796B160161F77F700CD0F76 /* ExpensesManager.m in Sources */,
				677924AD1620CAE9006D2EB2 /* CKCalendarView.m in Sources */,
				677D2A6F1620D2F200B11F06 /* DateSelectionView.m in Sources */,
			);
			runOnlyForDeploymentPostprocessing = 0;
		};
/* End PBXSourcesBuildPhase section */

/* Begin PBXVariantGroup section */
		67F124D7161E2E0900BD7167 /* InfoPlist.strings */ = {
			isa = PBXVariantGroup;
			children = (
				67F124D8161E2E0900BD7167 /* en */,
			);
			name = InfoPlist.strings;
			sourceTree = "<group>";
		};
		67F124E6161E2E0900BD7167 /* MainStoryboard_iPhone.storyboard */ = {
			isa = PBXVariantGroup;
			children = (
				67F124E7161E2E0900BD7167 /* en */,
			);
			name = MainStoryboard_iPhone.storyboard;
			sourceTree = "<group>";
		};
		67F124E9161E2E0900BD7167 /* MainStoryboard_iPad.storyboard */ = {
			isa = PBXVariantGroup;
			children = (
				67F124EA161E2E0900BD7167 /* en */,
			);
			name = MainStoryboard_iPad.storyboard;
			sourceTree = "<group>";
		};
/* End PBXVariantGroup section */

/* Begin XCBuildConfiguration section */
		67F124FA161E2E0A00BD7167 /* Debug */ = {
			isa = XCBuildConfiguration;
			buildSettings = {
				ALWAYS_SEARCH_USER_PATHS = NO;
				CLANG_CXX_LANGUAGE_STANDARD = "gnu++0x";
				CLANG_CXX_LIBRARY = "libc++";
				CLANG_WARN_EMPTY_BODY = YES;
				CLANG_WARN__DUPLICATE_METHOD_MATCH = YES;
				"CODE_SIGN_IDENTITY[sdk=iphoneos*]" = "iPhone Developer";
				COPY_PHASE_STRIP = NO;
				GCC_C_LANGUAGE_STANDARD = gnu99;
				GCC_DYNAMIC_NO_PIC = NO;
				GCC_OPTIMIZATION_LEVEL = 0;
				GCC_PREPROCESSOR_DEFINITIONS = (
					"DEBUG=1",
					"$(inherited)",
				);
				GCC_SYMBOLS_PRIVATE_EXTERN = NO;
				GCC_WARN_ABOUT_RETURN_TYPE = YES;
				GCC_WARN_UNINITIALIZED_AUTOS = YES;
				GCC_WARN_UNUSED_VARIABLE = YES;
				IPHONEOS_DEPLOYMENT_TARGET = 6.0;
				SDKROOT = iphoneos;
				TARGETED_DEVICE_FAMILY = "1,2";
			};
			name = Debug;
		};
		67F124FB161E2E0A00BD7167 /* Release */ = {
			isa = XCBuildConfiguration;
			buildSettings = {
				ALWAYS_SEARCH_USER_PATHS = NO;
				CLANG_CXX_LANGUAGE_STANDARD = "gnu++0x";
				CLANG_CXX_LIBRARY = "libc++";
				CLANG_WARN_EMPTY_BODY = YES;
				CLANG_WARN__DUPLICATE_METHOD_MATCH = YES;
				"CODE_SIGN_IDENTITY[sdk=iphoneos*]" = "iPhone Developer";
				COPY_PHASE_STRIP = YES;
				GCC_C_LANGUAGE_STANDARD = gnu99;
				GCC_WARN_ABOUT_RETURN_TYPE = YES;
				GCC_WARN_UNINITIALIZED_AUTOS = YES;
				GCC_WARN_UNUSED_VARIABLE = YES;
				IPHONEOS_DEPLOYMENT_TARGET = 6.0;
				OTHER_CFLAGS = "-DNS_BLOCK_ASSERTIONS=1";
				SDKROOT = iphoneos;
				TARGETED_DEVICE_FAMILY = "1,2";
				VALIDATE_PRODUCT = YES;
			};
			name = Release;
		};
		67F124FD161E2E0A00BD7167 /* Debug */ = {
			isa = XCBuildConfiguration;
			buildSettings = {
				GCC_PRECOMPILE_PREFIX_HEADER = YES;
				GCC_PREFIX_HEADER = "EasyMoney/EasyMoney-Prefix.pch";
				INFOPLIST_FILE = "EasyMoney/EasyMoney-Info.plist";
				OTHER_LDFLAGS = "";
				PRODUCT_NAME = "$(TARGET_NAME)";
				WRAPPER_EXTENSION = app;
			};
			name = Debug;
		};
		67F124FE161E2E0A00BD7167 /* Release */ = {
			isa = XCBuildConfiguration;
			buildSettings = {
				GCC_PRECOMPILE_PREFIX_HEADER = YES;
				GCC_PREFIX_HEADER = "EasyMoney/EasyMoney-Prefix.pch";
				INFOPLIST_FILE = "EasyMoney/EasyMoney-Info.plist";
				OTHER_LDFLAGS = "";
				PRODUCT_NAME = "$(TARGET_NAME)";
				WRAPPER_EXTENSION = app;
			};
			name = Release;
		};
/* End XCBuildConfiguration section */

/* Begin XCConfigurationList section */
		67F124C4161E2E0900BD7167 /* Build configuration list for PBXProject "EasyMoney" */ = {
			isa = XCConfigurationList;
			buildConfigurations = (
				67F124FA161E2E0A00BD7167 /* Debug */,
				67F124FB161E2E0A00BD7167 /* Release */,
			);
			defaultConfigurationIsVisible = 0;
			defaultConfigurationName = Release;
		};
		67F124FC161E2E0A00BD7167 /* Build configuration list for PBXNativeTarget "EasyMoney" */ = {
			isa = XCConfigurationList;
			buildConfigurations = (
				67F124FD161E2E0A00BD7167 /* Debug */,
				67F124FE161E2E0A00BD7167 /* Release */,
			);
			defaultConfigurationIsVisible = 0;
			defaultConfigurationName = Release;
		};
/* End XCConfigurationList section */

/* Begin XCVersionGroup section */
		6796B13E161F6C4A00CD0F76 /* EasyMoneyData.xcdatamodeld */ = {
			isa = XCVersionGroup;
			children = (
				6796B13F161F6C4A00CD0F76 /* EasyMoneyData.xcdatamodel */,
			);
			currentVersion = 6796B13F161F6C4A00CD0F76 /* EasyMoneyData.xcdatamodel */;
			name = EasyMoneyData.xcdatamodeld;
			path = Data/EasyMoneyData.xcdatamodeld;
			sourceTree = "<group>";
			versionGroupType = wrapper.xcdatamodel;
		};
/* End XCVersionGroup section */
	};
	rootObject = 67F124C1161E2E0900BD7167 /* Project object */;
}
